{
  "name": "candy-log",
  "version": "1.0.2",
  "lockfileVersion": 3,
  "requires": true,
  "packages": {
    "": {
      "name": "candy-log",
      "version": "1.0.2",
      "license": "ISC",
      "dependencies": {
        "candy-log": "^1.0.1"
      }
    },
    "node_modules/candy-log": {
      "version": "1.0.1",
      "resolved": "https://registry.npmjs.org/candy-log/-/candy-log-1.0.1.tgz",
      "integrity": "sha512-aduaVrpDl8FB/GlKi9hECVg+aqXLW2Tbsm0U/pZNjj7zmrB/KZkBE8PhSFRnPDlKB3Ihbtd0APIMuTqXOaU2wQ=="
    }
  }
}
